{
  "version": 4,
  "terraform_version": "1.2.8",
  "serial": 56,
  "lineage": "3c2643b4-7f65-fab2-a8ea-e3136921fe61",
  "outputs": {
    "azurerm_windows_virtual_machine": {
      "value": [
        {
          "offer": "Windows-10",
          "publisher": "MicrosoftWindowsDesktop",
          "sku": "20h1-pro",
          "version": "latest"
        }
      ],
      "type": [
        "list",
        [
          "object",
          {
            "offer": "string",
            "publisher": "string",
            "sku": "string",
            "version": "string"
          }
        ]
      ]
    },
    "public_ip": {
      "value": "/subscriptions/9a882a7a-673f-46ce-811f-beed0743423f/resourceGroups/kir-serv-test-terraform/providers/Microsoft.Network/publicIPAddresses/TerraformPublicIP",
      "type": "string"
    },
    "resource_group_name": {
      "value": "kir-serv-test-terraform",
      "type": "string"
    }
  },
  "resources": [
    {
      "mode": "managed",
      "type": "azurerm_network_interface",
      "name": "kir-terraform-nic",
      "provider": "provider[\"registry.terraform.io/hashicorp/azurerm\"]",
      "instances": [
        {
          "schema_version": 0,
          "attributes": {
            "applied_dns_servers": [],
            "dns_servers": [],
            "enable_accelerated_networking": false,
            "enable_ip_forwarding": false,
            "id": "/subscriptions/9a882a7a-673f-46ce-811f-beed0743423f/resourceGroups/kir-serv-test-terraform/providers/Microsoft.Network/networkInterfaces/TerraformNIC",
            "internal_dns_name_label": "",
            "internal_domain_name_suffix": "0p5pmhkkcmfeldvzp5hlxlqcvg.ax.internal.cloudapp.net",
            "ip_configuration": [
              {
                "gateway_load_balancer_frontend_ip_configuration_id": "",
                "name": "terraform-nic-configuration",
                "primary": true,
                "private_ip_address": "10.0.128.4",
                "private_ip_address_allocation": "Dynamic",
                "private_ip_address_version": "IPv4",
                "public_ip_address_id": "/subscriptions/9a882a7a-673f-46ce-811f-beed0743423f/resourceGroups/kir-serv-test-terraform/providers/Microsoft.Network/publicIPAddresses/TerraformPublicIP",
                "subnet_id": "/subscriptions/9a882a7a-673f-46ce-811f-beed0743423f/resourceGroups/kir-serv-test-terraform/providers/Microsoft.Network/virtualNetworks/terraform-network/subnets/internal"
              }
            ],
            "location": "westeurope",
            "mac_address": "",
            "name": "TerraformNIC",
            "private_ip_address": "10.0.128.4",
            "private_ip_addresses": [
              "10.0.128.4"
            ],
            "resource_group_name": "kir-serv-test-terraform",
            "tags": null,
            "timeouts": null,
            "virtual_machine_id": ""
          },
          "sensitive_attributes": [],
          "private": "eyJlMmJmYjczMC1lY2FhLTExZTYtOGY4OC0zNDM2M2JjN2M0YzAiOnsiY3JlYXRlIjoxODAwMDAwMDAwMDAwLCJkZWxldGUiOjE4MDAwMDAwMDAwMDAsInJlYWQiOjMwMDAwMDAwMDAwMCwidXBkYXRlIjoxODAwMDAwMDAwMDAwfX0=",
          "dependencies": [
            "azurerm_public_ip.kir-terraform-ip",
            "azurerm_resource_group.kir-terraform",
            "azurerm_subnet.terraform-subnet",
            "azurerm_virtual_network.terraform-network"
          ]
        }
      ]
    },
    {
      "mode": "managed",
      "type": "azurerm_network_interface_security_group_association",
      "name": "example",
      "provider": "provider[\"registry.terraform.io/hashicorp/azurerm\"]",
      "instances": [
        {
          "schema_version": 0,
          "attributes": {
            "id": "/subscriptions/9a882a7a-673f-46ce-811f-beed0743423f/resourceGroups/kir-serv-test-terraform/providers/Microsoft.Network/networkInterfaces/TerraformNIC|/subscriptions/9a882a7a-673f-46ce-811f-beed0743423f/resourceGroups/kir-serv-test-terraform/providers/Microsoft.Network/networkSecurityGroups/TerraformNetworkSecurityGroup",
            "network_interface_id": "/subscriptions/9a882a7a-673f-46ce-811f-beed0743423f/resourceGroups/kir-serv-test-terraform/providers/Microsoft.Network/networkInterfaces/TerraformNIC",
            "network_security_group_id": "/subscriptions/9a882a7a-673f-46ce-811f-beed0743423f/resourceGroups/kir-serv-test-terraform/providers/Microsoft.Network/networkSecurityGroups/TerraformNetworkSecurityGroup",
            "timeouts": null
          },
          "sensitive_attributes": [],
          "private": "eyJlMmJmYjczMC1lY2FhLTExZTYtOGY4OC0zNDM2M2JjN2M0YzAiOnsiY3JlYXRlIjoxODAwMDAwMDAwMDAwLCJkZWxldGUiOjE4MDAwMDAwMDAwMDAsInJlYWQiOjMwMDAwMDAwMDAwMCwidXBkYXRlIjoxODAwMDAwMDAwMDAwfX0=",
          "dependencies": [
            "azurerm_network_interface.kir-terraform-nic",
            "azurerm_network_security_group.kir-terraform-nsg",
            "azurerm_public_ip.kir-terraform-ip",
            "azurerm_resource_group.kir-terraform",
            "azurerm_subnet.terraform-subnet",
            "azurerm_virtual_network.terraform-network"
          ]
        }
      ]
    },
    {
      "mode": "managed",
      "type": "azurerm_network_security_group",
      "name": "kir-terraform-nsg",
      "provider": "provider[\"registry.terraform.io/hashicorp/azurerm\"]",
      "instances": [
        {
          "schema_version": 0,
          "attributes": {
            "id": "/subscriptions/9a882a7a-673f-46ce-811f-beed0743423f/resourceGroups/kir-serv-test-terraform/providers/Microsoft.Network/networkSecurityGroups/TerraformNetworkSecurityGroup",
            "location": "westeurope",
            "name": "TerraformNetworkSecurityGroup",
            "resource_group_name": "kir-serv-test-terraform",
            "security_rule": [
              {
                "access": "Allow",
                "description": "",
                "destination_address_prefix": "*",
                "destination_address_prefixes": [],
                "destination_application_security_group_ids": [],
                "destination_port_range": "3389",
                "destination_port_ranges": [],
                "direction": "Inbound",
                "name": "RDP",
                "priority": 1001,
                "protocol": "Tcp",
                "source_address_prefix": "*",
                "source_address_prefixes": [],
                "source_application_security_group_ids": [],
                "source_port_range": "*",
                "source_port_ranges": []
              }
            ],
            "tags": null,
            "timeouts": null
          },
          "sensitive_attributes": [],
          "private": "eyJlMmJmYjczMC1lY2FhLTExZTYtOGY4OC0zNDM2M2JjN2M0YzAiOnsiY3JlYXRlIjoxODAwMDAwMDAwMDAwLCJkZWxldGUiOjE4MDAwMDAwMDAwMDAsInJlYWQiOjMwMDAwMDAwMDAwMCwidXBkYXRlIjoxODAwMDAwMDAwMDAwfX0=",
          "dependencies": [
            "azurerm_resource_group.kir-terraform"
          ]
        }
      ]
    },
    {
      "mode": "managed",
      "type": "azurerm_public_ip",
      "name": "kir-terraform-ip",
      "provider": "provider[\"registry.terraform.io/hashicorp/azurerm\"]",
      "instances": [
        {
          "schema_version": 0,
          "attributes": {
            "allocation_method": "Dynamic",
            "availability_zone": "No-Zone",
            "domain_name_label": null,
            "fqdn": null,
            "id": "/subscriptions/9a882a7a-673f-46ce-811f-beed0743423f/resourceGroups/kir-serv-test-terraform/providers/Microsoft.Network/publicIPAddresses/TerraformPublicIP",
            "idle_timeout_in_minutes": 4,
            "ip_address": "",
            "ip_tags": null,
            "ip_version": "IPv4",
            "location": "westeurope",
            "name": "TerraformPublicIP",
            "public_ip_prefix_id": null,
            "resource_group_name": "kir-serv-test-terraform",
            "reverse_fqdn": null,
            "sku": "Basic",
            "sku_tier": "Regional",
            "tags": null,
            "timeouts": null,
            "zones": []
          },
          "sensitive_attributes": [],
          "private": "eyJlMmJmYjczMC1lY2FhLTExZTYtOGY4OC0zNDM2M2JjN2M0YzAiOnsiY3JlYXRlIjoxODAwMDAwMDAwMDAwLCJkZWxldGUiOjE4MDAwMDAwMDAwMDAsInJlYWQiOjMwMDAwMDAwMDAwMCwidXBkYXRlIjoxODAwMDAwMDAwMDAwfX0=",
          "dependencies": [
            "azurerm_resource_group.kir-terraform"
          ]
        }
      ]
    },
    {
      "mode": "managed",
      "type": "azurerm_resource_group",
      "name": "kir-terraform",
      "provider": "provider[\"registry.terraform.io/hashicorp/azurerm\"]",
      "instances": [
        {
          "schema_version": 0,
          "attributes": {
            "id": "/subscriptions/9a882a7a-673f-46ce-811f-beed0743423f/resourceGroups/kir-serv-test-terraform",
            "location": "westeurope",
            "name": "kir-serv-test-terraform",
            "tags": null,
            "timeouts": null
          },
          "sensitive_attributes": [],
          "private": "eyJlMmJmYjczMC1lY2FhLTExZTYtOGY4OC0zNDM2M2JjN2M0YzAiOnsiY3JlYXRlIjo1NDAwMDAwMDAwMDAwLCJkZWxldGUiOjU0MDAwMDAwMDAwMDAsInJlYWQiOjMwMDAwMDAwMDAwMCwidXBkYXRlIjo1NDAwMDAwMDAwMDAwfX0="
        }
      ]
    },
    {
      "mode": "managed",
      "type": "azurerm_subnet",
      "name": "terraform-subnet",
      "provider": "provider[\"registry.terraform.io/hashicorp/azurerm\"]",
      "instances": [
        {
          "schema_version": 0,
          "attributes": {
            "address_prefix": "10.0.128.0/24",
            "address_prefixes": [
              "10.0.128.0/24"
            ],
            "delegation": [],
            "enforce_private_link_endpoint_network_policies": false,
            "enforce_private_link_service_network_policies": false,
            "id": "/subscriptions/9a882a7a-673f-46ce-811f-beed0743423f/resourceGroups/kir-serv-test-terraform/providers/Microsoft.Network/virtualNetworks/terraform-network/subnets/internal",
            "name": "internal",
            "resource_group_name": "kir-serv-test-terraform",
            "service_endpoint_policy_ids": null,
            "service_endpoints": null,
            "timeouts": null,
            "virtual_network_name": "terraform-network"
          },
          "sensitive_attributes": [],
          "private": "eyJlMmJmYjczMC1lY2FhLTExZTYtOGY4OC0zNDM2M2JjN2M0YzAiOnsiY3JlYXRlIjoxODAwMDAwMDAwMDAwLCJkZWxldGUiOjE4MDAwMDAwMDAwMDAsInJlYWQiOjMwMDAwMDAwMDAwMCwidXBkYXRlIjoxODAwMDAwMDAwMDAwfX0=",
          "dependencies": [
            "azurerm_resource_group.kir-terraform",
            "azurerm_virtual_network.terraform-network"
          ]
        }
      ]
    },
    {
      "mode": "managed",
      "type": "azurerm_virtual_network",
      "name": "terraform-network",
      "provider": "provider[\"registry.terraform.io/hashicorp/azurerm\"]",
      "instances": [
        {
          "schema_version": 0,
          "attributes": {
            "address_space": [
              "10.0.0.0/16"
            ],
            "bgp_community": "",
            "ddos_protection_plan": [],
            "dns_servers": [],
            "flow_timeout_in_minutes": 0,
            "guid": "1df6fed3-134a-450a-8eb9-7fcebbae02ae",
            "id": "/subscriptions/9a882a7a-673f-46ce-811f-beed0743423f/resourceGroups/kir-serv-test-terraform/providers/Microsoft.Network/virtualNetworks/terraform-network",
            "location": "westeurope",
            "name": "terraform-network",
            "resource_group_name": "kir-serv-test-terraform",
            "subnet": [],
            "tags": null,
            "timeouts": null,
            "vm_protection_enabled": false
          },
          "sensitive_attributes": [],
          "private": "eyJlMmJmYjczMC1lY2FhLTExZTYtOGY4OC0zNDM2M2JjN2M0YzAiOnsiY3JlYXRlIjoxODAwMDAwMDAwMDAwLCJkZWxldGUiOjE4MDAwMDAwMDAwMDAsInJlYWQiOjMwMDAwMDAwMDAwMCwidXBkYXRlIjoxODAwMDAwMDAwMDAwfX0=",
          "dependencies": [
            "azurerm_resource_group.kir-terraform"
          ]
        }
      ]
    },
    {
      "mode": "managed",
      "type": "azurerm_windows_virtual_machine",
      "name": "kir-terraform",
      "provider": "provider[\"registry.terraform.io/hashicorp/azurerm\"]",
      "instances": [
        {
          "schema_version": 0,
          "attributes": {
            "additional_capabilities": [],
            "additional_unattend_content": [],
            "admin_password": "Terraform!wind",
            "admin_username": "adminuser",
            "allow_extension_operations": true,
            "availability_set_id": "",
            "boot_diagnostics": [],
            "computer_name": "Terraform-Win",
            "custom_data": null,
            "dedicated_host_group_id": "",
            "dedicated_host_id": "",
            "enable_automatic_updates": true,
            "encryption_at_host_enabled": false,
            "eviction_policy": "",
            "extensions_time_budget": "PT1H30M",
            "hotpatching_enabled": false,
            "id": "/subscriptions/9a882a7a-673f-46ce-811f-beed0743423f/resourceGroups/kir-serv-test-terraform/providers/Microsoft.Compute/virtualMachines/Terraform-Win",
            "identity": [],
            "license_type": "",
            "location": "westeurope",
            "max_bid_price": -1,
            "name": "Terraform-Win",
            "network_interface_ids": [
              "/subscriptions/9a882a7a-673f-46ce-811f-beed0743423f/resourceGroups/kir-serv-test-terraform/providers/Microsoft.Network/networkInterfaces/TerraformNIC"
            ],
            "os_disk": [
              {
                "caching": "ReadWrite",
                "diff_disk_settings": [],
                "disk_encryption_set_id": "",
                "disk_size_gb": 127,
                "name": "Terraform-Win_OsDisk_1_7051c5bb907a4f2f962278a7403699a5",
                "storage_account_type": "Standard_LRS",
                "write_accelerator_enabled": false
              }
            ],
            "patch_mode": "AutomaticByOS",
            "plan": [],
            "platform_fault_domain": -1,
            "priority": "Regular",
            "private_ip_address": "10.0.128.4",
            "private_ip_addresses": [
              "10.0.128.4"
            ],
            "provision_vm_agent": true,
            "proximity_placement_group_id": "",
            "public_ip_address": "",
            "public_ip_addresses": [],
            "resource_group_name": "kir-serv-test-terraform",
            "secret": [],
            "secure_boot_enabled": false,
            "size": "Standard_DS1_v2",
            "source_image_id": "",
            "source_image_reference": [
              {
                "offer": "Windows-10",
                "publisher": "MicrosoftWindowsDesktop",
                "sku": "20h1-pro",
                "version": "latest"
              }
            ],
            "tags": null,
            "timeouts": null,
            "timezone": "",
            "user_data": "",
            "virtual_machine_id": "19270cdd-0c45-4dcc-9822-4457924295b7",
            "virtual_machine_scale_set_id": "",
            "vtpm_enabled": false,
            "winrm_listener": [],
            "zone": ""
          },
          "sensitive_attributes": [],
          "private": "eyJlMmJmYjczMC1lY2FhLTExZTYtOGY4OC0zNDM2M2JjN2M0YzAiOnsiY3JlYXRlIjoyNzAwMDAwMDAwMDAwLCJkZWxldGUiOjI3MDAwMDAwMDAwMDAsInJlYWQiOjMwMDAwMDAwMDAwMCwidXBkYXRlIjoyNzAwMDAwMDAwMDAwfX0=",
          "dependencies": [
            "azurerm_network_interface.kir-terraform-nic",
            "azurerm_public_ip.kir-terraform-ip",
            "azurerm_resource_group.kir-terraform",
            "azurerm_subnet.terraform-subnet",
            "azurerm_virtual_network.terraform-network"
          ]
        }
      ]
    }
  ]
}
